
Microsoft Visual Studio Solution File, Format Version 12.00
# Visual Studio Version 16
VisualStudioVersion = 16.0.31702.278
MinimumVisualStudioVersion = 10.0.40219.1
Project("{FAE04EC0-301F-11D3-BF4B-00C04F79EFBC}") = "UINI Numbers Widget", "UINI Numbers Widget.csproj", "{DB2A23AA-AEFA-4155-A847-F17BEA582BE1}"
EndProject
Global
	GlobalSection(SolutionConfigurationPlatforms) = preSolution
		Debug|Any CPU = Debug|Any CPU
		Release|Any CPU = Release|Any CPU
	EndGlobalSection
	GlobalSection(ProjectConfigurationPlatforms) = postSolution
		{DB2A23AA-AEFA-4155-A847-F17BEA582BE1}.Debug|Any CPU.ActiveCfg = Debug|Any CPU
		{DB2A23AA-AEFA-4155-A847-F17BEA582BE1}.Debug|Any CPU.Build.0 = Debug|Any CPU
		{DB2A23AA-AEFA-4155-A847-F17BEA582BE1}.Release|Any CPU.ActiveCfg = Release|Any CPU
		{DB2A23AA-AEFA-4155-A847-F17BEA582BE1}.Release|Any CPU.Build.0 = Release|Any CPU
	EndGlobalSection
	GlobalSection(SolutionProperties) = preSolution
		HideSolutionNode = FALSE
	EndGlobalSection
	GlobalSection(ExtensibilityGlobals) = postSolution
		SolutionGuid = {DC152016-D724-4769-9536-717446BE3334}
	EndGlobalSection
EndGlobal
